
Microsoft Visual Studio Solution File, Format Version 12.00
# Visual Studio 2012
Project("{FAE04EC0-301F-11D3-BF4B-00C04F79EFBC}") = "AutoLink", "AutoLink\AutoLink.csproj", "{FF04267D-4324-496B-8F41-E57A3CA36C24}"
EndProject
Global
	GlobalSection(SolutionConfigurationPlatforms) = preSolution
		Debug|iPhoneSimulator = Debug|iPhoneSimulator
		Release|iPhoneSimulator = Release|iPhoneSimulator
		Debug|iPhone = Debug|iPhone
		Release|iPhone = Release|iPhone
		Ad-Hoc|iPhone = Ad-Hoc|iPhone
		AppStore|iPhone = AppStore|iPhone
	EndGlobalSection
	GlobalSection(ProjectConfigurationPlatforms) = postSolution
		{FF04267D-4324-496B-8F41-E57A3CA36C24}.Ad-Hoc|iPhone.ActiveCfg = Ad-Hoc|iPhone
		{FF04267D-4324-496B-8F41-E57A3CA36C24}.Ad-Hoc|iPhone.Build.0 = Ad-Hoc|iPhone
		{FF04267D-4324-496B-8F41-E57A3CA36C24}.AppStore|iPhone.ActiveCfg = AppStore|iPhone
		{FF04267D-4324-496B-8F41-E57A3CA36C24}.AppStore|iPhone.Build.0 = AppStore|iPhone
		{FF04267D-4324-496B-8F41-E57A3CA36C24}.Debug|iPhone.ActiveCfg = Debug|iPhone
		{FF04267D-4324-496B-8F41-E57A3CA36C24}.Debug|iPhone.Build.0 = Debug|iPhone
		{FF04267D-4324-496B-8F41-E57A3CA36C24}.Debug|iPhoneSimulator.ActiveCfg = Debug|iPhoneSimulator
		{FF04267D-4324-496B-8F41-E57A3CA36C24}.Debug|iPhoneSimulator.Build.0 = Debug|iPhoneSimulator
		{FF04267D-4324-496B-8F41-E57A3CA36C24}.Release|iPhone.ActiveCfg = Release|iPhone
		{FF04267D-4324-496B-8F41-E57A3CA36C24}.Release|iPhone.Build.0 = Release|iPhone
		{FF04267D-4324-496B-8F41-E57A3CA36C24}.Release|iPhoneSimulator.ActiveCfg = Release|iPhoneSimulator
		{FF04267D-4324-496B-8F41-E57A3CA36C24}.Release|iPhoneSimulator.Build.0 = Release|iPhoneSimulator
	EndGlobalSection
	GlobalSection(MonoDevelopProperties) = preSolution
		StartupItem = AutoLink\AutoLink.csproj
	EndGlobalSection
EndGlobal
